
Microsoft Visual Studio Solution File, Format Version 12.00
# Visual Studio 15
VisualStudioVersion = 15.0.28307.572
MinimumVisualStudioVersion = 10.0.40219.1
Project("{2150E333-8FDC-42A3-9474-1A3956D46DE8}") = "Chapter02", "Chapter02", "{2BB9269A-E9CB-4060-925F-0BCDB4DCB9A8}"
EndProject
Project("{8BC9CEB8-8B4A-11D0-8D11-00A0C91BC942}") = "Sample", "chapter02\Sample\Sample.vcxproj", "{F8D30EB9-947A-4ECE-BC91-FFBB4B43F284}"
EndProject
Project("{2150E333-8FDC-42A3-9474-1A3956D46DE8}") = "Chapter04", "Chapter04", "{9C3E3349-1D06-4BB1-9A55-91E69713B808}"
EndProject
Project("{8BC9CEB8-8B4A-11D0-8D11-00A0C91BC942}") = "PriorityBooster", "chapter04\PriorityBooster\PriorityBooster.vcxproj", "{96DF1253-074B-4E47-BFBF-A7F8E68384E1}"
EndProject
Project("{8BC9CEB8-8B4A-11D0-8D11-00A0C91BC942}") = "Booster", "chapter04\Booster\Booster.vcxproj", "{6A95359E-D88B-441E-AA9B-CBEFD1560638}"
EndProject
Project("{2150E333-8FDC-42A3-9474-1A3956D46DE8}") = "Chapter06", "Chapter06", "{FA15259D-CF0C-4133-BD64-5898BD2F902A}"
EndProject
Project("{8BC9CEB8-8B4A-11D0-8D11-00A0C91BC942}") = "PriorityBooster", "chapter06\PriorityBooster\PriorityBooster.vcxproj", "{5FCA7533-3FD9-44DA-8BF5-528CAC34910F}"
EndProject
Project("{2150E333-8FDC-42A3-9474-1A3956D46DE8}") = "Chapter07", "Chapter07", "{2557538F-3A57-454B-8CC6-18B22187C525}"
EndProject
Project("{8BC9CEB8-8B4A-11D0-8D11-00A0C91BC942}") = "Zero", "chapter07\Zero\Zero.vcxproj", "{B2F45AE7-7A83-4B17-A89A-F695E75EA73F}"
EndProject
Project("{8BC9CEB8-8B4A-11D0-8D11-00A0C91BC942}") = "ZeroTest", "chapter07\ZeroTest\ZeroTest.vcxproj", "{FD5DC0E3-54C1-48F0-AED1-95A77F2BB6A7}"
EndProject
Project("{2150E333-8FDC-42A3-9474-1A3956D46DE8}") = "Chapter08", "Chapter08", "{EE05385C-35E9-4267-852E-B10C5BB34717}"
EndProject
Project("{8BC9CEB8-8B4A-11D0-8D11-00A0C91BC942}") = "SysMon", "chapter08\SysMon\SysMon.vcxproj", "{BE81346D-BD79-4EE8-B4EA-21D32852261F}"
EndProject
Project("{8BC9CEB8-8B4A-11D0-8D11-00A0C91BC942}") = "SysMonClient", "chapter08\SysMonClient\SysMonClient.vcxproj", "{32DEFFE8-7914-4549-A341-17249480BED6}"
EndProject
Project("{2150E333-8FDC-42A3-9474-1A3956D46DE8}") = "Chapter09", "Chapter09", "{7C6F4B2F-3B8D-4731-8E21-67100203F4FD}"
EndProject
Project("{8BC9CEB8-8B4A-11D0-8D11-00A0C91BC942}") = "ProcessProtect", "chapter09\ProcessProtect\ProcessProtect.vcxproj", "{9C36DF6F-F1AF-43B9-9828-B021C9583294}"
EndProject
Project("{8BC9CEB8-8B4A-11D0-8D11-00A0C91BC942}") = "Protect", "chapter09\Protect\Protect.vcxproj", "{213BB2AD-39BF-4FA7-B763-1FD11EAC24BD}"
EndProject
Project("{8BC9CEB8-8B4A-11D0-8D11-00A0C91BC942}") = "SysMonV2", "chapter09\SysMon\SysMon.vcxproj", "{8AEDF45F-E632-45F8-9338-4BE82764D005}"
EndProject
Project("{8BC9CEB8-8B4A-11D0-8D11-00A0C91BC942}") = "SysMonClientV2", "chapter09\SysMonClient\SysMonClient.vcxproj", "{4F9D5362-99E2-430A-987D-67BBCC0E7692}"
EndProject
Project("{2150E333-8FDC-42A3-9474-1A3956D46DE8}") = "Chapter10", "Chapter10", "{943A5D36-A331-4BEC-B2DF-1DA1374A68DF}"
EndProject
Project("{8BC9CEB8-8B4A-11D0-8D11-00A0C91BC942}") = "DelProtect", "chapter10\DelProtect\DelProtect.vcxproj", "{93C1FE79-2327-4320-9566-EBC1AA6F0769}"
EndProject
Project("{8BC9CEB8-8B4A-11D0-8D11-00A0C91BC942}") = "DelTest", "chapter10\DelTest\DelTest.vcxproj", "{54C000C5-A46B-4147-A9F8-9160531CB3E6}"
EndProject
Project("{8BC9CEB8-8B4A-11D0-8D11-00A0C91BC942}") = "DelProtect2", "chapter10\DelProtect2\DelProtect2.vcxproj", "{1CD1295B-E6CA-480A-8F17-6093F8A525E9}"
EndProject
Project("{8BC9CEB8-8B4A-11D0-8D11-00A0C91BC942}") = "DelProtectConfig", "chapter10\DelProtectConfig\DelProtectConfig.vcxproj", "{1AD82DAF-673C-4670-B6C2-D97B1938D131}"
EndProject
Project("{8BC9CEB8-8B4A-11D0-8D11-00A0C91BC942}") = "DelProtect3", "chapter10\DelProtect3\DelProtect3.vcxproj", "{F0923144-F984-4A8F-A233-F45863D29778}"
EndProject
Project("{8BC9CEB8-8B4A-11D0-8D11-00A0C91BC942}") = "DelProtectConfig3", "chapter10\DelProtectConfig3\DelProtectConfig3.vcxproj", "{DF65EB7C-2667-487F-A076-1801FEF1E564}"
EndProject
Project("{8BC9CEB8-8B4A-11D0-8D11-00A0C91BC942}") = "FileBackup", "chapter10\FileBackup\FileBackup.vcxproj", "{547077A2-4DF2-4EDA-A7DF-4F80EED63ACD}"
EndProject
Project("{8BC9CEB8-8B4A-11D0-8D11-00A0C91BC942}") = "FileRestore", "FileRestore\FileRestore.vcxproj", "{3D598E62-E9E8-4739-AE7F-7D84303C3789}"
EndProject
Project("{8BC9CEB8-8B4A-11D0-8D11-00A0C91BC942}") = "FileBackupMon", "chapter10\FileBackupMon\FileBackupMon.vcxproj", "{166E955C-2049-453C-BD4E-C197EB3847D9}"
EndProject
Global
	GlobalSection(SolutionConfigurationPlatforms) = preSolution
		Debug|ARM = Debug|ARM
		Debug|ARM64 = Debug|ARM64
		Debug|x64 = Debug|x64
		Debug|x86 = Debug|x86
		Release|ARM = Release|ARM
		Release|ARM64 = Release|ARM64
		Release|x64 = Release|x64
		Release|x86 = Release|x86
	EndGlobalSection
	GlobalSection(ProjectConfigurationPlatforms) = postSolution
		{F8D30EB9-947A-4ECE-BC91-FFBB4B43F284}.Debug|ARM.ActiveCfg = Debug|ARM
		{F8D30EB9-947A-4ECE-BC91-FFBB4B43F284}.Debug|ARM.Build.0 = Debug|ARM
		{F8D30EB9-947A-4ECE-BC91-FFBB4B43F284}.Debug|ARM.Deploy.0 = Debug|ARM
		{F8D30EB9-947A-4ECE-BC91-FFBB4B43F284}.Debug|ARM64.ActiveCfg = Debug|ARM64
		{F8D30EB9-947A-4ECE-BC91-FFBB4B43F284}.Debug|ARM64.Build.0 = Debug|ARM64
		{F8D30EB9-947A-4ECE-BC91-FFBB4B43F284}.Debug|ARM64.Deploy.0 = Debug|ARM64
		{F8D30EB9-947A-4ECE-BC91-FFBB4B43F284}.Debug|x64.ActiveCfg = Debug|x64
		{F8D30EB9-947A-4ECE-BC91-FFBB4B43F284}.Debug|x64.Build.0 = Debug|x64
		{F8D30EB9-947A-4ECE-BC91-FFBB4B43F284}.Debug|x64.Deploy.0 = Debug|x64
		{F8D30EB9-947A-4ECE-BC91-FFBB4B43F284}.Debug|x86.ActiveCfg = Debug|Win32
		{F8D30EB9-947A-4ECE-BC91-FFBB4B43F284}.Debug|x86.Build.0 = Debug|Win32
		{F8D30EB9-947A-4ECE-BC91-FFBB4B43F284}.Debug|x86.Deploy.0 = Debug|Win32
		{F8D30EB9-947A-4ECE-BC91-FFBB4B43F284}.Release|ARM.ActiveCfg = Release|ARM
		{F8D30EB9-947A-4ECE-BC91-FFBB4B43F284}.Release|ARM.Build.0 = Release|ARM
		{F8D30EB9-947A-4ECE-BC91-FFBB4B43F284}.Release|ARM.Deploy.0 = Release|ARM
		{F8D30EB9-947A-4ECE-BC91-FFBB4B43F284}.Release|ARM64.ActiveCfg = Release|ARM64
		{F8D30EB9-947A-4ECE-BC91-FFBB4B43F284}.Release|ARM64.Build.0 = Release|ARM64
		{F8D30EB9-947A-4ECE-BC91-FFBB4B43F284}.Release|ARM64.Deploy.0 = Release|ARM64
		{F8D30EB9-947A-4ECE-BC91-FFBB4B43F284}.Release|x64.ActiveCfg = Release|x64
		{F8D30EB9-947A-4ECE-BC91-FFBB4B43F284}.Release|x64.Build.0 = Release|x64
		{F8D30EB9-947A-4ECE-BC91-FFBB4B43F284}.Release|x64.Deploy.0 = Release|x64
		{F8D30EB9-947A-4ECE-BC91-FFBB4B43F284}.Release|x86.ActiveCfg = Release|Win32
		{F8D30EB9-947A-4ECE-BC91-FFBB4B43F284}.Release|x86.Build.0 = Release|Win32
		{F8D30EB9-947A-4ECE-BC91-FFBB4B43F284}.Release|x86.Deploy.0 = Release|Win32
		{96DF1253-074B-4E47-BFBF-A7F8E68384E1}.Debug|ARM.ActiveCfg = Debug|ARM
		{96DF1253-074B-4E47-BFBF-A7F8E68384E1}.Debug|ARM.Build.0 = Debug|ARM
		{96DF1253-074B-4E47-BFBF-A7F8E68384E1}.Debug|ARM.Deploy.0 = Debug|ARM
		{96DF1253-074B-4E47-BFBF-A7F8E68384E1}.Debug|ARM64.ActiveCfg = Debug|ARM64
		{96DF1253-074B-4E47-BFBF-A7F8E68384E1}.Debug|ARM64.Build.0 = Debug|ARM64
		{96DF1253-074B-4E47-BFBF-A7F8E68384E1}.Debug|ARM64.Deploy.0 = Debug|ARM64
		{96DF1253-074B-4E47-BFBF-A7F8E68384E1}.Debug|x64.ActiveCfg = Debug|x64
		{96DF1253-074B-4E47-BFBF-A7F8E68384E1}.Debug|x64.Build.0 = Debug|x64
		{96DF1253-074B-4E47-BFBF-A7F8E68384E1}.Debug|x64.Deploy.0 = Debug|x64
		{96DF1253-074B-4E47-BFBF-A7F8E68384E1}.Debug|x86.ActiveCfg = Debug|Win32
		{96DF1253-074B-4E47-BFBF-A7F8E68384E1}.Debug|x86.Build.0 = Debug|Win32
		{96DF1253-074B-4E47-BFBF-A7F8E68384E1}.Debug|x86.Deploy.0 = Debug|Win32
		{96DF1253-074B-4E47-BFBF-A7F8E68384E1}.Release|ARM.ActiveCfg = Release|ARM
		{96DF1253-074B-4E47-BFBF-A7F8E68384E1}.Release|ARM.Build.0 = Release|ARM
		{96DF1253-074B-4E47-BFBF-A7F8E68384E1}.Release|ARM.Deploy.0 = Release|ARM
		{96DF1253-074B-4E47-BFBF-A7F8E68384E1}.Release|ARM64.ActiveCfg = Release|ARM64
		{96DF1253-074B-4E47-BFBF-A7F8E68384E1}.Release|ARM64.Build.0 = Release|ARM64
		{96DF1253-074B-4E47-BFBF-A7F8E68384E1}.Release|ARM64.Deploy.0 = Release|ARM64
		{96DF1253-074B-4E47-BFBF-A7F8E68384E1}.Release|x64.ActiveCfg = Release|x64
		{96DF1253-074B-4E47-BFBF-A7F8E68384E1}.Release|x64.Build.0 = Release|x64
		{96DF1253-074B-4E47-BFBF-A7F8E68384E1}.Release|x64.Deploy.0 = Release|x64
		{96DF1253-074B-4E47-BFBF-A7F8E68384E1}.Release|x86.ActiveCfg = Release|Win32
		{96DF1253-074B-4E47-BFBF-A7F8E68384E1}.Release|x86.Build.0 = Release|Win32
		{96DF1253-074B-4E47-BFBF-A7F8E68384E1}.Release|x86.Deploy.0 = Release|Win32
		{6A95359E-D88B-441E-AA9B-CBEFD1560638}.Debug|ARM.ActiveCfg = Debug|Win32
		{6A95359E-D88B-441E-AA9B-CBEFD1560638}.Debug|ARM64.ActiveCfg = Debug|Win32
		{6A95359E-D88B-441E-AA9B-CBEFD1560638}.Debug|x64.ActiveCfg = Debug|x64
		{6A95359E-D88B-441E-AA9B-CBEFD1560638}.Debug|x64.Build.0 = Debug|x64
		{6A95359E-D88B-441E-AA9B-CBEFD1560638}.Debug|x86.ActiveCfg = Debug|Win32
		{6A95359E-D88B-441E-AA9B-CBEFD1560638}.Debug|x86.Build.0 = Debug|Win32
		{6A95359E-D88B-441E-AA9B-CBEFD1560638}.Release|ARM.ActiveCfg = Release|Win32
		{6A95359E-D88B-441E-AA9B-CBEFD1560638}.Release|ARM64.ActiveCfg = Release|Win32
		{6A95359E-D88B-441E-AA9B-CBEFD1560638}.Release|x64.ActiveCfg = Release|x64
		{6A95359E-D88B-441E-AA9B-CBEFD1560638}.Release|x64.Build.0 = Release|x64
		{6A95359E-D88B-441E-AA9B-CBEFD1560638}.Release|x86.ActiveCfg = Release|Win32
		{6A95359E-D88B-441E-AA9B-CBEFD1560638}.Release|x86.Build.0 = Release|Win32
		{5FCA7533-3FD9-44DA-8BF5-528CAC34910F}.Debug|ARM.ActiveCfg = Debug|ARM
		{5FCA7533-3FD9-44DA-8BF5-528CAC34910F}.Debug|ARM.Build.0 = Debug|ARM
		{5FCA7533-3FD9-44DA-8BF5-528CAC34910F}.Debug|ARM.Deploy.0 = Debug|ARM
		{5FCA7533-3FD9-44DA-8BF5-528CAC34910F}.Debug|ARM64.ActiveCfg = Debug|ARM64
		{5FCA7533-3FD9-44DA-8BF5-528CAC34910F}.Debug|ARM64.Build.0 = Debug|ARM64
		{5FCA7533-3FD9-44DA-8BF5-528CAC34910F}.Debug|ARM64.Deploy.0 = Debug|ARM64
		{5FCA7533-3FD9-44DA-8BF5-528CAC34910F}.Debug|x64.ActiveCfg = Debug|x64
		{5FCA7533-3FD9-44DA-8BF5-528CAC34910F}.Debug|x64.Build.0 = Debug|x64
		{5FCA7533-3FD9-44DA-8BF5-528CAC34910F}.Debug|x64.Deploy.0 = Debug|x64
		{5FCA7533-3FD9-44DA-8BF5-528CAC34910F}.Debug|x86.ActiveCfg = Debug|Win32
		{5FCA7533-3FD9-44DA-8BF5-528CAC34910F}.Debug|x86.Build.0 = Debug|Win32
		{5FCA7533-3FD9-44DA-8BF5-528CAC34910F}.Debug|x86.Deploy.0 = Debug|Win32
		{5FCA7533-3FD9-44DA-8BF5-528CAC34910F}.Release|ARM.ActiveCfg = Release|ARM
		{5FCA7533-3FD9-44DA-8BF5-528CAC34910F}.Release|ARM.Build.0 = Release|ARM
		{5FCA7533-3FD9-44DA-8BF5-528CAC34910F}.Release|ARM.Deploy.0 = Release|ARM
		{5FCA7533-3FD9-44DA-8BF5-528CAC34910F}.Release|ARM64.ActiveCfg = Release|ARM64
		{5FCA7533-3FD9-44DA-8BF5-528CAC34910F}.Release|ARM64.Build.0 = Release|ARM64
		{5FCA7533-3FD9-44DA-8BF5-528CAC34910F}.Release|ARM64.Deploy.0 = Release|ARM64
		{5FCA7533-3FD9-44DA-8BF5-528CAC34910F}.Release|x64.ActiveCfg = Release|x64
		{5FCA7533-3FD9-44DA-8BF5-528CAC34910F}.Release|x64.Build.0 = Release|x64
		{5FCA7533-3FD9-44DA-8BF5-528CAC34910F}.Release|x64.Deploy.0 = Release|x64
		{5FCA7533-3FD9-44DA-8BF5-528CAC34910F}.Release|x86.ActiveCfg = Release|Win32
		{5FCA7533-3FD9-44DA-8BF5-528CAC34910F}.Release|x86.Build.0 = Release|Win32
		{5FCA7533-3FD9-44DA-8BF5-528CAC34910F}.Release|x86.Deploy.0 = Release|Win32
		{B2F45AE7-7A83-4B17-A89A-F695E75EA73F}.Debug|ARM.ActiveCfg = Debug|ARM
		{B2F45AE7-7A83-4B17-A89A-F695E75EA73F}.Debug|ARM.Build.0 = Debug|ARM
		{B2F45AE7-7A83-4B17-A89A-F695E75EA73F}.Debug|ARM.Deploy.0 = Debug|ARM
		{B2F45AE7-7A83-4B17-A89A-F695E75EA73F}.Debug|ARM64.ActiveCfg = Debug|ARM64
		{B2F45AE7-7A83-4B17-A89A-F695E75EA73F}.Debug|ARM64.Build.0 = Debug|ARM64
		{B2F45AE7-7A83-4B17-A89A-F695E75EA73F}.Debug|ARM64.Deploy.0 = Debug|ARM64
		{B2F45AE7-7A83-4B17-A89A-F695E75EA73F}.Debug|x64.ActiveCfg = Debug|x64
		{B2F45AE7-7A83-4B17-A89A-F695E75EA73F}.Debug|x64.Build.0 = Debug|x64
		{B2F45AE7-7A83-4B17-A89A-F695E75EA73F}.Debug|x64.Deploy.0 = Debug|x64
		{B2F45AE7-7A83-4B17-A89A-F695E75EA73F}.Debug|x86.ActiveCfg = Debug|Win32
		{B2F45AE7-7A83-4B17-A89A-F695E75EA73F}.Debug|x86.Build.0 = Debug|Win32
		{B2F45AE7-7A83-4B17-A89A-F695E75EA73F}.Debug|x86.Deploy.0 = Debug|Win32
		{B2F45AE7-7A83-4B17-A89A-F695E75EA73F}.Release|ARM.ActiveCfg = Release|ARM
		{B2F45AE7-7A83-4B17-A89A-F695E75EA73F}.Release|ARM.Build.0 = Release|ARM
		{B2F45AE7-7A83-4B17-A89A-F695E75EA73F}.Release|ARM.Deploy.0 = Release|ARM
		{B2F45AE7-7A83-4B17-A89A-F695E75EA73F}.Release|ARM64.ActiveCfg = Release|ARM64
		{B2F45AE7-7A83-4B17-A89A-F695E75EA73F}.Release|ARM64.Build.0 = Release|ARM64
		{B2F45AE7-7A83-4B17-A89A-F695E75EA73F}.Release|ARM64.Deploy.0 = Release|ARM64
		{B2F45AE7-7A83-4B17-A89A-F695E75EA73F}.Release|x64.ActiveCfg = Release|x64
		{B2F45AE7-7A83-4B17-A89A-F695E75EA73F}.Release|x64.Build.0 = Release|x64
		{B2F45AE7-7A83-4B17-A89A-F695E75EA73F}.Release|x64.Deploy.0 = Release|x64
		{B2F45AE7-7A83-4B17-A89A-F695E75EA73F}.Release|x86.ActiveCfg = Release|Win32
		{B2F45AE7-7A83-4B17-A89A-F695E75EA73F}.Release|x86.Build.0 = Release|Win32
		{B2F45AE7-7A83-4B17-A89A-F695E75EA73F}.Release|x86.Deploy.0 = Release|Win32
		{FD5DC0E3-54C1-48F0-AED1-95A77F2BB6A7}.Debug|ARM.ActiveCfg = Debug|Win32
		{FD5DC0E3-54C1-48F0-AED1-95A77F2BB6A7}.Debug|ARM64.ActiveCfg = Debug|Win32
		{FD5DC0E3-54C1-48F0-AED1-95A77F2BB6A7}.Debug|x64.ActiveCfg = Debug|x64
		{FD5DC0E3-54C1-48F0-AED1-95A77F2BB6A7}.Debug|x64.Build.0 = Debug|x64
		{FD5DC0E3-54C1-48F0-AED1-95A77F2BB6A7}.Debug|x86.ActiveCfg = Debug|Win32
		{FD5DC0E3-54C1-48F0-AED1-95A77F2BB6A7}.Debug|x86.Build.0 = Debug|Win32
		{FD5DC0E3-54C1-48F0-AED1-95A77F2BB6A7}.Release|ARM.ActiveCfg = Release|Win32
		{FD5DC0E3-54C1-48F0-AED1-95A77F2BB6A7}.Release|ARM64.ActiveCfg = Release|Win32
		{FD5DC0E3-54C1-48F0-AED1-95A77F2BB6A7}.Release|x64.ActiveCfg = Release|x64
		{FD5DC0E3-54C1-48F0-AED1-95A77F2BB6A7}.Release|x64.Build.0 = Release|x64
		{FD5DC0E3-54C1-48F0-AED1-95A77F2BB6A7}.Release|x86.ActiveCfg = Release|Win32
		{FD5DC0E3-54C1-48F0-AED1-95A77F2BB6A7}.Release|x86.Build.0 = Release|Win32
		{BE81346D-BD79-4EE8-B4EA-21D32852261F}.Debug|ARM.ActiveCfg = Debug|ARM
		{BE81346D-BD79-4EE8-B4EA-21D32852261F}.Debug|ARM.Build.0 = Debug|ARM
		{BE81346D-BD79-4EE8-B4EA-21D32852261F}.Debug|ARM.Deploy.0 = Debug|ARM
		{BE81346D-BD79-4EE8-B4EA-21D32852261F}.Debug|ARM64.ActiveCfg = Debug|ARM64
		{BE81346D-BD79-4EE8-B4EA-21D32852261F}.Debug|ARM64.Build.0 = Debug|ARM64
		{BE81346D-BD79-4EE8-B4EA-21D32852261F}.Debug|ARM64.Deploy.0 = Debug|ARM64
		{BE81346D-BD79-4EE8-B4EA-21D32852261F}.Debug|x64.ActiveCfg = Debug|x64
		{BE81346D-BD79-4EE8-B4EA-21D32852261F}.Debug|x64.Build.0 = Debug|x64
		{BE81346D-BD79-4EE8-B4EA-21D32852261F}.Debug|x64.Deploy.0 = Debug|x64
		{BE81346D-BD79-4EE8-B4EA-21D32852261F}.Debug|x86.ActiveCfg = Debug|Win32
		{BE81346D-BD79-4EE8-B4EA-21D32852261F}.Debug|x86.Build.0 = Debug|Win32
		{BE81346D-BD79-4EE8-B4EA-21D32852261F}.Debug|x86.Deploy.0 = Debug|Win32
		{BE81346D-BD79-4EE8-B4EA-21D32852261F}.Release|ARM.ActiveCfg = Release|ARM
		{BE81346D-BD79-4EE8-B4EA-21D32852261F}.Release|ARM.Build.0 = Release|ARM
		{BE81346D-BD79-4EE8-B4EA-21D32852261F}.Release|ARM.Deploy.0 = Release|ARM
		{BE81346D-BD79-4EE8-B4EA-21D32852261F}.Release|ARM64.ActiveCfg = Release|ARM64
		{BE81346D-BD79-4EE8-B4EA-21D32852261F}.Release|ARM64.Build.0 = Release|ARM64
		{BE81346D-BD79-4EE8-B4EA-21D32852261F}.Release|ARM64.Deploy.0 = Release|ARM64
		{BE81346D-BD79-4EE8-B4EA-21D32852261F}.Release|x64.ActiveCfg = Release|x64
		{BE81346D-BD79-4EE8-B4EA-21D32852261F}.Release|x64.Build.0 = Release|x64
		{BE81346D-BD79-4EE8-B4EA-21D32852261F}.Release|x64.Deploy.0 = Release|x64
		{BE81346D-BD79-4EE8-B4EA-21D32852261F}.Release|x86.ActiveCfg = Release|Win32
		{BE81346D-BD79-4EE8-B4EA-21D32852261F}.Release|x86.Build.0 = Release|Win32
		{BE81346D-BD79-4EE8-B4EA-21D32852261F}.Release|x86.Deploy.0 = Release|Win32
		{32DEFFE8-7914-4549-A341-17249480BED6}.Debug|ARM.ActiveCfg = Debug|Win32
		{32DEFFE8-7914-4549-A341-17249480BED6}.Debug|ARM64.ActiveCfg = Debug|Win32
		{32DEFFE8-7914-4549-A341-17249480BED6}.Debug|x64.ActiveCfg = Debug|x64
		{32DEFFE8-7914-4549-A341-17249480BED6}.Debug|x64.Build.0 = Debug|x64
		{32DEFFE8-7914-4549-A341-17249480BED6}.Debug|x86.ActiveCfg = Debug|Win32
		{32DEFFE8-7914-4549-A341-17249480BED6}.Debug|x86.Build.0 = Debug|Win32
		{32DEFFE8-7914-4549-A341-17249480BED6}.Release|ARM.ActiveCfg = Release|Win32
		{32DEFFE8-7914-4549-A341-17249480BED6}.Release|ARM64.ActiveCfg = Release|Win32
		{32DEFFE8-7914-4549-A341-17249480BED6}.Release|x64.ActiveCfg = Release|x64
		{32DEFFE8-7914-4549-A341-17249480BED6}.Release|x64.Build.0 = Release|x64
		{32DEFFE8-7914-4549-A341-17249480BED6}.Release|x86.ActiveCfg = Release|Win32
		{32DEFFE8-7914-4549-A341-17249480BED6}.Release|x86.Build.0 = Release|Win32
		{9C36DF6F-F1AF-43B9-9828-B021C9583294}.Debug|ARM.ActiveCfg = Debug|ARM
		{9C36DF6F-F1AF-43B9-9828-B021C9583294}.Debug|ARM.Build.0 = Debug|ARM
		{9C36DF6F-F1AF-43B9-9828-B021C9583294}.Debug|ARM.Deploy.0 = Debug|ARM
		{9C36DF6F-F1AF-43B9-9828-B021C9583294}.Debug|ARM64.ActiveCfg = Debug|ARM64
		{9C36DF6F-F1AF-43B9-9828-B021C9583294}.Debug|ARM64.Build.0 = Debug|ARM64
		{9C36DF6F-F1AF-43B9-9828-B021C9583294}.Debug|ARM64.Deploy.0 = Debug|ARM64
		{9C36DF6F-F1AF-43B9-9828-B021C9583294}.Debug|x64.ActiveCfg = Debug|x64
		{9C36DF6F-F1AF-43B9-9828-B021C9583294}.Debug|x64.Build.0 = Debug|x64
		{9C36DF6F-F1AF-43B9-9828-B021C9583294}.Debug|x64.Deploy.0 = Debug|x64
		{9C36DF6F-F1AF-43B9-9828-B021C9583294}.Debug|x86.ActiveCfg = Debug|Win32
		{9C36DF6F-F1AF-43B9-9828-B021C9583294}.Debug|x86.Build.0 = Debug|Win32
		{9C36DF6F-F1AF-43B9-9828-B021C9583294}.Debug|x86.Deploy.0 = Debug|Win32
		{9C36DF6F-F1AF-43B9-9828-B021C9583294}.Release|ARM.ActiveCfg = Release|ARM
		{9C36DF6F-F1AF-43B9-9828-B021C9583294}.Release|ARM.Build.0 = Release|ARM
		{9C36DF6F-F1AF-43B9-9828-B021C9583294}.Release|ARM.Deploy.0 = Release|ARM
		{9C36DF6F-F1AF-43B9-9828-B021C9583294}.Release|ARM64.ActiveCfg = Release|ARM64
		{9C36DF6F-F1AF-43B9-9828-B021C9583294}.Release|ARM64.Build.0 = Release|ARM64
		{9C36DF6F-F1AF-43B9-9828-B021C9583294}.Release|ARM64.Deploy.0 = Release|ARM64
		{9C36DF6F-F1AF-43B9-9828-B021C9583294}.Release|x64.ActiveCfg = Release|x64
		{9C36DF6F-F1AF-43B9-9828-B021C9583294}.Release|x64.Build.0 = Release|x64
		{9C36DF6F-F1AF-43B9-9828-B021C9583294}.Release|x64.Deploy.0 = Release|x64
		{9C36DF6F-F1AF-43B9-9828-B021C9583294}.Release|x86.ActiveCfg = Release|Win32
		{9C36DF6F-F1AF-43B9-9828-B021C9583294}.Release|x86.Build.0 = Release|Win32
		{9C36DF6F-F1AF-43B9-9828-B021C9583294}.Release|x86.Deploy.0 = Release|Win32
		{213BB2AD-39BF-4FA7-B763-1FD11EAC24BD}.Debug|ARM.ActiveCfg = Debug|Win32
		{213BB2AD-39BF-4FA7-B763-1FD11EAC24BD}.Debug|ARM64.ActiveCfg = Debug|Win32
		{213BB2AD-39BF-4FA7-B763-1FD11EAC24BD}.Debug|x64.ActiveCfg = Debug|x64
		{213BB2AD-39BF-4FA7-B763-1FD11EAC24BD}.Debug|x64.Build.0 = Debug|x64
		{213BB2AD-39BF-4FA7-B763-1FD11EAC24BD}.Debug|x86.ActiveCfg = Debug|Win32
		{213BB2AD-39BF-4FA7-B763-1FD11EAC24BD}.Debug|x86.Build.0 = Debug|Win32
		{213BB2AD-39BF-4FA7-B763-1FD11EAC24BD}.Release|ARM.ActiveCfg = Release|Win32
		{213BB2AD-39BF-4FA7-B763-1FD11EAC24BD}.Release|ARM64.ActiveCfg = Release|Win32
		{213BB2AD-39BF-4FA7-B763-1FD11EAC24BD}.Release|x64.ActiveCfg = Release|x64
		{213BB2AD-39BF-4FA7-B763-1FD11EAC24BD}.Release|x64.Build.0 = Release|x64
		{213BB2AD-39BF-4FA7-B763-1FD11EAC24BD}.Release|x86.ActiveCfg = Release|Win32
		{213BB2AD-39BF-4FA7-B763-1FD11EAC24BD}.Release|x86.Build.0 = Release|Win32
		{8AEDF45F-E632-45F8-9338-4BE82764D005}.Debug|ARM.ActiveCfg = Debug|ARM
		{8AEDF45F-E632-45F8-9338-4BE82764D005}.Debug|ARM.Build.0 = Debug|ARM
		{8AEDF45F-E632-45F8-9338-4BE82764D005}.Debug|ARM.Deploy.0 = Debug|ARM
		{8AEDF45F-E632-45F8-9338-4BE82764D005}.Debug|ARM64.ActiveCfg = Debug|ARM64
		{8AEDF45F-E632-45F8-9338-4BE82764D005}.Debug|ARM64.Build.0 = Debug|ARM64
		{8AEDF45F-E632-45F8-9338-4BE82764D005}.Debug|ARM64.Deploy.0 = Debug|ARM64
		{8AEDF45F-E632-45F8-9338-4BE82764D005}.Debug|x64.ActiveCfg = Debug|x64
		{8AEDF45F-E632-45F8-9338-4BE82764D005}.Debug|x64.Build.0 = Debug|x64
		{8AEDF45F-E632-45F8-9338-4BE82764D005}.Debug|x64.Deploy.0 = Debug|x64
		{8AEDF45F-E632-45F8-9338-4BE82764D005}.Debug|x86.ActiveCfg = Debug|Win32
		{8AEDF45F-E632-45F8-9338-4BE82764D005}.Debug|x86.Build.0 = Debug|Win32
		{8AEDF45F-E632-45F8-9338-4BE82764D005}.Debug|x86.Deploy.0 = Debug|Win32
		{8AEDF45F-E632-45F8-9338-4BE82764D005}.Release|ARM.ActiveCfg = Release|ARM
		{8AEDF45F-E632-45F8-9338-4BE82764D005}.Release|ARM.Build.0 = Release|ARM
		{8AEDF45F-E632-45F8-9338-4BE82764D005}.Release|ARM.Deploy.0 = Release|ARM
		{8AEDF45F-E632-45F8-9338-4BE82764D005}.Release|ARM64.ActiveCfg = Release|ARM64
		{8AEDF45F-E632-45F8-9338-4BE82764D005}.Release|ARM64.Build.0 = Release|ARM64
		{8AEDF45F-E632-45F8-9338-4BE82764D005}.Release|ARM64.Deploy.0 = Release|ARM64
		{8AEDF45F-E632-45F8-9338-4BE82764D005}.Release|x64.ActiveCfg = Release|x64
		{8AEDF45F-E632-45F8-9338-4BE82764D005}.Release|x64.Build.0 = Release|x64
		{8AEDF45F-E632-45F8-9338-4BE82764D005}.Release|x64.Deploy.0 = Release|x64
		{8AEDF45F-E632-45F8-9338-4BE82764D005}.Release|x86.ActiveCfg = Release|Win32
		{8AEDF45F-E632-45F8-9338-4BE82764D005}.Release|x86.Build.0 = Release|Win32
		{8AEDF45F-E632-45F8-9338-4BE82764D005}.Release|x86.Deploy.0 = Release|Win32
		{4F9D5362-99E2-430A-987D-67BBCC0E7692}.Debug|ARM.ActiveCfg = Debug|Win32
		{4F9D5362-99E2-430A-987D-67BBCC0E7692}.Debug|ARM64.ActiveCfg = Debug|Win32
		{4F9D5362-99E2-430A-987D-67BBCC0E7692}.Debug|x64.ActiveCfg = Debug|x64
		{4F9D5362-99E2-430A-987D-67BBCC0E7692}.Debug|x64.Build.0 = Debug|x64
		{4F9D5362-99E2-430A-987D-67BBCC0E7692}.Debug|x86.ActiveCfg = Debug|Win32
		{4F9D5362-99E2-430A-987D-67BBCC0E7692}.Debug|x86.Build.0 = Debug|Win32
		{4F9D5362-99E2-430A-987D-67BBCC0E7692}.Release|ARM.ActiveCfg = Release|Win32
		{4F9D5362-99E2-430A-987D-67BBCC0E7692}.Release|ARM64.ActiveCfg = Release|Win32
		{4F9D5362-99E2-430A-987D-67BBCC0E7692}.Release|x64.ActiveCfg = Release|x64
		{4F9D5362-99E2-430A-987D-67BBCC0E7692}.Release|x64.Build.0 = Release|x64
		{4F9D5362-99E2-430A-987D-67BBCC0E7692}.Release|x86.ActiveCfg = Release|Win32
		{4F9D5362-99E2-430A-987D-67BBCC0E7692}.Release|x86.Build.0 = Release|Win32
		{93C1FE79-2327-4320-9566-EBC1AA6F0769}.Debug|ARM.ActiveCfg = Debug|ARM
		{93C1FE79-2327-4320-9566-EBC1AA6F0769}.Debug|ARM.Build.0 = Debug|ARM
		{93C1FE79-2327-4320-9566-EBC1AA6F0769}.Debug|ARM.Deploy.0 = Debug|ARM
		{93C1FE79-2327-4320-9566-EBC1AA6F0769}.Debug|ARM64.ActiveCfg = Debug|ARM64
		{93C1FE79-2327-4320-9566-EBC1AA6F0769}.Debug|ARM64.Build.0 = Debug|ARM64
		{93C1FE79-2327-4320-9566-EBC1AA6F0769}.Debug|ARM64.Deploy.0 = Debug|ARM64
		{93C1FE79-2327-4320-9566-EBC1AA6F0769}.Debug|x64.ActiveCfg = Debug|x64
		{93C1FE79-2327-4320-9566-EBC1AA6F0769}.Debug|x64.Build.0 = Debug|x64
		{93C1FE79-2327-4320-9566-EBC1AA6F0769}.Debug|x64.Deploy.0 = Debug|x64
		{93C1FE79-2327-4320-9566-EBC1AA6F0769}.Debug|x86.ActiveCfg = Debug|Win32
		{93C1FE79-2327-4320-9566-EBC1AA6F0769}.Debug|x86.Build.0 = Debug|Win32
		{93C1FE79-2327-4320-9566-EBC1AA6F0769}.Debug|x86.Deploy.0 = Debug|Win32
		{93C1FE79-2327-4320-9566-EBC1AA6F0769}.Release|ARM.ActiveCfg = Release|ARM
		{93C1FE79-2327-4320-9566-EBC1AA6F0769}.Release|ARM.Build.0 = Release|ARM
		{93C1FE79-2327-4320-9566-EBC1AA6F0769}.Release|ARM.Deploy.0 = Release|ARM
		{93C1FE79-2327-4320-9566-EBC1AA6F0769}.Release|ARM64.ActiveCfg = Release|ARM64
		{93C1FE79-2327-4320-9566-EBC1AA6F0769}.Release|ARM64.Build.0 = Release|ARM64
		{93C1FE79-2327-4320-9566-EBC1AA6F0769}.Release|ARM64.Deploy.0 = Release|ARM64
		{93C1FE79-2327-4320-9566-EBC1AA6F0769}.Release|x64.ActiveCfg = Release|x64
		{93C1FE79-2327-4320-9566-EBC1AA6F0769}.Release|x64.Build.0 = Release|x64
		{93C1FE79-2327-4320-9566-EBC1AA6F0769}.Release|x64.Deploy.0 = Release|x64
		{93C1FE79-2327-4320-9566-EBC1AA6F0769}.Release|x86.ActiveCfg = Release|Win32
		{93C1FE79-2327-4320-9566-EBC1AA6F0769}.Release|x86.Build.0 = Release|Win32
		{93C1FE79-2327-4320-9566-EBC1AA6F0769}.Release|x86.Deploy.0 = Release|Win32
		{54C000C5-A46B-4147-A9F8-9160531CB3E6}.Debug|ARM.ActiveCfg = Debug|Win32
		{54C000C5-A46B-4147-A9F8-9160531CB3E6}.Debug|ARM64.ActiveCfg = Debug|Win32
		{54C000C5-A46B-4147-A9F8-9160531CB3E6}.Debug|x64.ActiveCfg = Debug|x64
		{54C000C5-A46B-4147-A9F8-9160531CB3E6}.Debug|x64.Build.0 = Debug|x64
		{54C000C5-A46B-4147-A9F8-9160531CB3E6}.Debug|x86.ActiveCfg = Debug|Win32
		{54C000C5-A46B-4147-A9F8-9160531CB3E6}.Debug|x86.Build.0 = Debug|Win32
		{54C000C5-A46B-4147-A9F8-9160531CB3E6}.Release|ARM.ActiveCfg = Release|Win32
		{54C000C5-A46B-4147-A9F8-9160531CB3E6}.Release|ARM64.ActiveCfg = Release|Win32
		{54C000C5-A46B-4147-A9F8-9160531CB3E6}.Release|x64.ActiveCfg = Release|x64
		{54C000C5-A46B-4147-A9F8-9160531CB3E6}.Release|x64.Build.0 = Release|x64
		{54C000C5-A46B-4147-A9F8-9160531CB3E6}.Release|x86.ActiveCfg = Release|Win32
		{54C000C5-A46B-4147-A9F8-9160531CB3E6}.Release|x86.Build.0 = Release|Win32
		{1CD1295B-E6CA-480A-8F17-6093F8A525E9}.Debug|ARM.ActiveCfg = Debug|ARM
		{1CD1295B-E6CA-480A-8F17-6093F8A525E9}.Debug|ARM.Build.0 = Debug|ARM
		{1CD1295B-E6CA-480A-8F17-6093F8A525E9}.Debug|ARM.Deploy.0 = Debug|ARM
		{1CD1295B-E6CA-480A-8F17-6093F8A525E9}.Debug|ARM64.ActiveCfg = Debug|ARM64
		{1CD1295B-E6CA-480A-8F17-6093F8A525E9}.Debug|ARM64.Build.0 = Debug|ARM64
		{1CD1295B-E6CA-480A-8F17-6093F8A525E9}.Debug|ARM64.Deploy.0 = Debug|ARM64
		{1CD1295B-E6CA-480A-8F17-6093F8A525E9}.Debug|x64.ActiveCfg = Debug|x64
		{1CD1295B-E6CA-480A-8F17-6093F8A525E9}.Debug|x64.Build.0 = Debug|x64
		{1CD1295B-E6CA-480A-8F17-6093F8A525E9}.Debug|x64.Deploy.0 = Debug|x64
		{1CD1295B-E6CA-480A-8F17-6093F8A525E9}.Debug|x86.ActiveCfg = Debug|Win32
		{1CD1295B-E6CA-480A-8F17-6093F8A525E9}.Debug|x86.Build.0 = Debug|Win32
		{1CD1295B-E6CA-480A-8F17-6093F8A525E9}.Debug|x86.Deploy.0 = Debug|Win32
		{1CD1295B-E6CA-480A-8F17-6093F8A525E9}.Release|ARM.ActiveCfg = Release|ARM
		{1CD1295B-E6CA-480A-8F17-6093F8A525E9}.Release|ARM.Build.0 = Release|ARM
		{1CD1295B-E6CA-480A-8F17-6093F8A525E9}.Release|ARM.Deploy.0 = Release|ARM
		{1CD1295B-E6CA-480A-8F17-6093F8A525E9}.Release|ARM64.ActiveCfg = Release|ARM64
		{1CD1295B-E6CA-480A-8F17-6093F8A525E9}.Release|ARM64.Build.0 = Release|ARM64
		{1CD1295B-E6CA-480A-8F17-6093F8A525E9}.Release|ARM64.Deploy.0 = Release|ARM64
		{1CD1295B-E6CA-480A-8F17-6093F8A525E9}.Release|x64.ActiveCfg = Release|x64
		{1CD1295B-E6CA-480A-8F17-6093F8A525E9}.Release|x64.Build.0 = Release|x64
		{1CD1295B-E6CA-480A-8F17-6093F8A525E9}.Release|x64.Deploy.0 = Release|x64
		{1CD1295B-E6CA-480A-8F17-6093F8A525E9}.Release|x86.ActiveCfg = Release|Win32
		{1CD1295B-E6CA-480A-8F17-6093F8A525E9}.Release|x86.Build.0 = Release|Win32
		{1CD1295B-E6CA-480A-8F17-6093F8A525E9}.Release|x86.Deploy.0 = Release|Win32
		{1AD82DAF-673C-4670-B6C2-D97B1938D131}.Debug|ARM.ActiveCfg = Debug|Win32
		{1AD82DAF-673C-4670-B6C2-D97B1938D131}.Debug|ARM64.ActiveCfg = Debug|Win32
		{1AD82DAF-673C-4670-B6C2-D97B1938D131}.Debug|x64.ActiveCfg = Debug|x64
		{1AD82DAF-673C-4670-B6C2-D97B1938D131}.Debug|x64.Build.0 = Debug|x64
		{1AD82DAF-673C-4670-B6C2-D97B1938D131}.Debug|x86.ActiveCfg = Debug|Win32
		{1AD82DAF-673C-4670-B6C2-D97B1938D131}.Debug|x86.Build.0 = Debug|Win32
		{1AD82DAF-673C-4670-B6C2-D97B1938D131}.Release|ARM.ActiveCfg = Release|Win32
		{1AD82DAF-673C-4670-B6C2-D97B1938D131}.Release|ARM64.ActiveCfg = Release|Win32
		{1AD82DAF-673C-4670-B6C2-D97B1938D131}.Release|x64.ActiveCfg = Release|x64
		{1AD82DAF-673C-4670-B6C2-D97B1938D131}.Release|x64.Build.0 = Release|x64
		{1AD82DAF-673C-4670-B6C2-D97B1938D131}.Release|x86.ActiveCfg = Release|Win32
		{1AD82DAF-673C-4670-B6C2-D97B1938D131}.Release|x86.Build.0 = Release|Win32
		{F0923144-F984-4A8F-A233-F45863D29778}.Debug|ARM.ActiveCfg = Debug|ARM
		{F0923144-F984-4A8F-A233-F45863D29778}.Debug|ARM.Build.0 = Debug|ARM
		{F0923144-F984-4A8F-A233-F45863D29778}.Debug|ARM.Deploy.0 = Debug|ARM
		{F0923144-F984-4A8F-A233-F45863D29778}.Debug|ARM64.ActiveCfg = Debug|ARM64
		{F0923144-F984-4A8F-A233-F45863D29778}.Debug|ARM64.Build.0 = Debug|ARM64
		{F0923144-F984-4A8F-A233-F45863D29778}.Debug|ARM64.Deploy.0 = Debug|ARM64
		{F0923144-F984-4A8F-A233-F45863D29778}.Debug|x64.ActiveCfg = Debug|x64
		{F0923144-F984-4A8F-A233-F45863D29778}.Debug|x64.Build.0 = Debug|x64
		{F0923144-F984-4A8F-A233-F45863D29778}.Debug|x64.Deploy.0 = Debug|x64
		{F0923144-F984-4A8F-A233-F45863D29778}.Debug|x86.ActiveCfg = Debug|Win32
		{F0923144-F984-4A8F-A233-F45863D29778}.Debug|x86.Build.0 = Debug|Win32
		{F0923144-F984-4A8F-A233-F45863D29778}.Debug|x86.Deploy.0 = Debug|Win32
		{F0923144-F984-4A8F-A233-F45863D29778}.Release|ARM.ActiveCfg = Release|ARM
		{F0923144-F984-4A8F-A233-F45863D29778}.Release|ARM.Build.0 = Release|ARM
		{F0923144-F984-4A8F-A233-F45863D29778}.Release|ARM.Deploy.0 = Release|ARM
		{F0923144-F984-4A8F-A233-F45863D29778}.Release|ARM64.ActiveCfg = Release|ARM64
		{F0923144-F984-4A8F-A233-F45863D29778}.Release|ARM64.Build.0 = Release|ARM64
		{F0923144-F984-4A8F-A233-F45863D29778}.Release|ARM64.Deploy.0 = Release|ARM64
		{F0923144-F984-4A8F-A233-F45863D29778}.Release|x64.ActiveCfg = Release|x64
		{F0923144-F984-4A8F-A233-F45863D29778}.Release|x64.Build.0 = Release|x64
		{F0923144-F984-4A8F-A233-F45863D29778}.Release|x64.Deploy.0 = Release|x64
		{F0923144-F984-4A8F-A233-F45863D29778}.Release|x86.ActiveCfg = Release|Win32
		{F0923144-F984-4A8F-A233-F45863D29778}.Release|x86.Build.0 = Release|Win32
		{F0923144-F984-4A8F-A233-F45863D29778}.Release|x86.Deploy.0 = Release|Win32
		{DF65EB7C-2667-487F-A076-1801FEF1E564}.Debug|ARM.ActiveCfg = Debug|Win32
		{DF65EB7C-2667-487F-A076-1801FEF1E564}.Debug|ARM64.ActiveCfg = Debug|Win32
		{DF65EB7C-2667-487F-A076-1801FEF1E564}.Debug|x64.ActiveCfg = Debug|x64
		{DF65EB7C-2667-487F-A076-1801FEF1E564}.Debug|x64.Build.0 = Debug|x64
		{DF65EB7C-2667-487F-A076-1801FEF1E564}.Debug|x86.ActiveCfg = Debug|Win32
		{DF65EB7C-2667-487F-A076-1801FEF1E564}.Debug|x86.Build.0 = Debug|Win32
		{DF65EB7C-2667-487F-A076-1801FEF1E564}.Release|ARM.ActiveCfg = Release|Win32
		{DF65EB7C-2667-487F-A076-1801FEF1E564}.Release|ARM64.ActiveCfg = Release|Win32
		{DF65EB7C-2667-487F-A076-1801FEF1E564}.Release|x64.ActiveCfg = Release|x64
		{DF65EB7C-2667-487F-A076-1801FEF1E564}.Release|x64.Build.0 = Release|x64
		{DF65EB7C-2667-487F-A076-1801FEF1E564}.Release|x86.ActiveCfg = Release|Win32
		{DF65EB7C-2667-487F-A076-1801FEF1E564}.Release|x86.Build.0 = Release|Win32
		{547077A2-4DF2-4EDA-A7DF-4F80EED63ACD}.Debug|ARM.ActiveCfg = Debug|ARM
		{547077A2-4DF2-4EDA-A7DF-4F80EED63ACD}.Debug|ARM.Build.0 = Debug|ARM
		{547077A2-4DF2-4EDA-A7DF-4F80EED63ACD}.Debug|ARM.Deploy.0 = Debug|ARM
		{547077A2-4DF2-4EDA-A7DF-4F80EED63ACD}.Debug|ARM64.ActiveCfg = Debug|ARM64
		{547077A2-4DF2-4EDA-A7DF-4F80EED63ACD}.Debug|ARM64.Build.0 = Debug|ARM64
		{547077A2-4DF2-4EDA-A7DF-4F80EED63ACD}.Debug|ARM64.Deploy.0 = Debug|ARM64
		{547077A2-4DF2-4EDA-A7DF-4F80EED63ACD}.Debug|x64.ActiveCfg = Debug|x64
		{547077A2-4DF2-4EDA-A7DF-4F80EED63ACD}.Debug|x64.Build.0 = Debug|x64
		{547077A2-4DF2-4EDA-A7DF-4F80EED63ACD}.Debug|x64.Deploy.0 = Debug|x64
		{547077A2-4DF2-4EDA-A7DF-4F80EED63ACD}.Debug|x86.ActiveCfg = Debug|Win32
		{547077A2-4DF2-4EDA-A7DF-4F80EED63ACD}.Debug|x86.Build.0 = Debug|Win32
		{547077A2-4DF2-4EDA-A7DF-4F80EED63ACD}.Debug|x86.Deploy.0 = Debug|Win32
		{547077A2-4DF2-4EDA-A7DF-4F80EED63ACD}.Release|ARM.ActiveCfg = Release|ARM
		{547077A2-4DF2-4EDA-A7DF-4F80EED63ACD}.Release|ARM.Build.0 = Release|ARM
		{547077A2-4DF2-4EDA-A7DF-4F80EED63ACD}.Release|ARM.Deploy.0 = Release|ARM
		{547077A2-4DF2-4EDA-A7DF-4F80EED63ACD}.Release|ARM64.ActiveCfg = Release|ARM64
		{547077A2-4DF2-4EDA-A7DF-4F80EED63ACD}.Release|ARM64.Build.0 = Release|ARM64
		{547077A2-4DF2-4EDA-A7DF-4F80EED63ACD}.Release|ARM64.Deploy.0 = Release|ARM64
		{547077A2-4DF2-4EDA-A7DF-4F80EED63ACD}.Release|x64.ActiveCfg = Release|x64
		{547077A2-4DF2-4EDA-A7DF-4F80EED63ACD}.Release|x64.Build.0 = Release|x64
		{547077A2-4DF2-4EDA-A7DF-4F80EED63ACD}.Release|x64.Deploy.0 = Release|x64
		{547077A2-4DF2-4EDA-A7DF-4F80EED63ACD}.Release|x86.ActiveCfg = Release|Win32
		{547077A2-4DF2-4EDA-A7DF-4F80EED63ACD}.Release|x86.Build.0 = Release|Win32
		{547077A2-4DF2-4EDA-A7DF-4F80EED63ACD}.Release|x86.Deploy.0 = Release|Win32
		{3D598E62-E9E8-4739-AE7F-7D84303C3789}.Debug|ARM.ActiveCfg = Debug|Win32
		{3D598E62-E9E8-4739-AE7F-7D84303C3789}.Debug|ARM64.ActiveCfg = Debug|Win32
		{3D598E62-E9E8-4739-AE7F-7D84303C3789}.Debug|x64.ActiveCfg = Debug|x64
		{3D598E62-E9E8-4739-AE7F-7D84303C3789}.Debug|x64.Build.0 = Debug|x64
		{3D598E62-E9E8-4739-AE7F-7D84303C3789}.Debug|x86.ActiveCfg = Debug|Win32
		{3D598E62-E9E8-4739-AE7F-7D84303C3789}.Debug|x86.Build.0 = Debug|Win32
		{3D598E62-E9E8-4739-AE7F-7D84303C3789}.Release|ARM.ActiveCfg = Release|Win32
		{3D598E62-E9E8-4739-AE7F-7D84303C3789}.Release|ARM64.ActiveCfg = Release|Win32
		{3D598E62-E9E8-4739-AE7F-7D84303C3789}.Release|x64.ActiveCfg = Release|x64
		{3D598E62-E9E8-4739-AE7F-7D84303C3789}.Release|x64.Build.0 = Release|x64
		{3D598E62-E9E8-4739-AE7F-7D84303C3789}.Release|x86.ActiveCfg = Release|Win32
		{3D598E62-E9E8-4739-AE7F-7D84303C3789}.Release|x86.Build.0 = Release|Win32
		{166E955C-2049-453C-BD4E-C197EB3847D9}.Debug|ARM.ActiveCfg = Debug|Win32
		{166E955C-2049-453C-BD4E-C197EB3847D9}.Debug|ARM64.ActiveCfg = Debug|Win32
		{166E955C-2049-453C-BD4E-C197EB3847D9}.Debug|x64.ActiveCfg = Debug|x64
		{166E955C-2049-453C-BD4E-C197EB3847D9}.Debug|x64.Build.0 = Debug|x64
		{166E955C-2049-453C-BD4E-C197EB3847D9}.Debug|x86.ActiveCfg = Debug|Win32
		{166E955C-2049-453C-BD4E-C197EB3847D9}.Debug|x86.Build.0 = Debug|Win32
		{166E955C-2049-453C-BD4E-C197EB3847D9}.Release|ARM.ActiveCfg = Release|Win32
		{166E955C-2049-453C-BD4E-C197EB3847D9}.Release|ARM64.ActiveCfg = Release|Win32
		{166E955C-2049-453C-BD4E-C197EB3847D9}.Release|x64.ActiveCfg = Release|x64
		{166E955C-2049-453C-BD4E-C197EB3847D9}.Release|x64.Build.0 = Release|x64
		{166E955C-2049-453C-BD4E-C197EB3847D9}.Release|x86.ActiveCfg = Release|Win32
		{166E955C-2049-453C-BD4E-C197EB3847D9}.Release|x86.Build.0 = Release|Win32
	EndGlobalSection
	GlobalSection(SolutionProperties) = preSolution
		HideSolutionNode = FALSE
	EndGlobalSection
	GlobalSection(NestedProjects) = preSolution
		{F8D30EB9-947A-4ECE-BC91-FFBB4B43F284} = {2BB9269A-E9CB-4060-925F-0BCDB4DCB9A8}
		{96DF1253-074B-4E47-BFBF-A7F8E68384E1} = {9C3E3349-1D06-4BB1-9A55-91E69713B808}
		{6A95359E-D88B-441E-AA9B-CBEFD1560638} = {9C3E3349-1D06-4BB1-9A55-91E69713B808}
		{5FCA7533-3FD9-44DA-8BF5-528CAC34910F} = {FA15259D-CF0C-4133-BD64-5898BD2F902A}
		{B2F45AE7-7A83-4B17-A89A-F695E75EA73F} = {2557538F-3A57-454B-8CC6-18B22187C525}
		{FD5DC0E3-54C1-48F0-AED1-95A77F2BB6A7} = {2557538F-3A57-454B-8CC6-18B22187C525}
		{BE81346D-BD79-4EE8-B4EA-21D32852261F} = {EE05385C-35E9-4267-852E-B10C5BB34717}
		{32DEFFE8-7914-4549-A341-17249480BED6} = {EE05385C-35E9-4267-852E-B10C5BB34717}
		{9C36DF6F-F1AF-43B9-9828-B021C9583294} = {7C6F4B2F-3B8D-4731-8E21-67100203F4FD}
		{213BB2AD-39BF-4FA7-B763-1FD11EAC24BD} = {7C6F4B2F-3B8D-4731-8E21-67100203F4FD}
		{8AEDF45F-E632-45F8-9338-4BE82764D005} = {7C6F4B2F-3B8D-4731-8E21-67100203F4FD}
		{4F9D5362-99E2-430A-987D-67BBCC0E7692} = {7C6F4B2F-3B8D-4731-8E21-67100203F4FD}
		{93C1FE79-2327-4320-9566-EBC1AA6F0769} = {943A5D36-A331-4BEC-B2DF-1DA1374A68DF}
		{54C000C5-A46B-4147-A9F8-9160531CB3E6} = {943A5D36-A331-4BEC-B2DF-1DA1374A68DF}
		{1CD1295B-E6CA-480A-8F17-6093F8A525E9} = {943A5D36-A331-4BEC-B2DF-1DA1374A68DF}
		{1AD82DAF-673C-4670-B6C2-D97B1938D131} = {943A5D36-A331-4BEC-B2DF-1DA1374A68DF}
		{F0923144-F984-4A8F-A233-F45863D29778} = {943A5D36-A331-4BEC-B2DF-1DA1374A68DF}
		{DF65EB7C-2667-487F-A076-1801FEF1E564} = {943A5D36-A331-4BEC-B2DF-1DA1374A68DF}
		{547077A2-4DF2-4EDA-A7DF-4F80EED63ACD} = {943A5D36-A331-4BEC-B2DF-1DA1374A68DF}
		{3D598E62-E9E8-4739-AE7F-7D84303C3789} = {943A5D36-A331-4BEC-B2DF-1DA1374A68DF}
		{166E955C-2049-453C-BD4E-C197EB3847D9} = {943A5D36-A331-4BEC-B2DF-1DA1374A68DF}
	EndGlobalSection
	GlobalSection(ExtensibilityGlobals) = postSolution
		SolutionGuid = {12DD9937-23CA-45EE-A7FD-87BF0FA9B308}
	EndGlobalSection
EndGlobal
