
Microsoft Visual Studio Solution File, Format Version 12.00
# Visual Studio 15
VisualStudioVersion = 15.0.28307.572
MinimumVisualStudioVersion = 10.0.40219.1
Project("{2150E333-8FDC-42A3-9474-1A3956D46DE8}") = "Chapter02", "Chapter02", "{2BB9269A-E9CB-4060-925F-0BCDB4DCB9A8}"
EndProject
Project("{8BC9CEB8-8B4A-11D0-8D11-00A0C91BC942}") = "Sample", "chapter02\Sample\Sample.vcxproj", "{F8D30EB9-947A-4ECE-BC91-FFBB4B43F284}"
EndProject
Project("{2150E333-8FDC-42A3-9474-1A3956D46DE8}") = "Chapter04", "Chapter04", "{9C3E3349-1D06-4BB1-9A55-91E69713B808}"
EndProject
Project("{8BC9CEB8-8B4A-11D0-8D11-00A0C91BC942}") = "PriorityBooster", "chapter04\PriorityBooster\PriorityBooster.vcxproj", "{96DF1253-074B-4E47-BFBF-A7F8E68384E1}"
EndProject
Project("{8BC9CEB8-8B4A-11D0-8D11-00A0C91BC942}") = "Booster", "chapter04\Booster\Booster.vcxproj", "{6A95359E-D88B-441E-AA9B-CBEFD1560638}"
EndProject
Project("{2150E333-8FDC-42A3-9474-1A3956D46DE8}") = "Chapter06", "Chapter06", "{FA15259D-CF0C-4133-BD64-5898BD2F902A}"
EndProject
Project("{8BC9CEB8-8B4A-11D0-8D11-00A0C91BC942}") = "PriorityBooster", "chapter06\PriorityBooster\PriorityBooster.vcxproj", "{5FCA7533-3FD9-44DA-8BF5-528CAC34910F}"
EndProject
Project("{2150E333-8FDC-42A3-9474-1A3956D46DE8}") = "Chapter07", "Chapter07", "{2557538F-3A57-454B-8CC6-18B22187C525}"
EndProject
Project("{8BC9CEB8-8B4A-11D0-8D11-00A0C91BC942}") = "Zero", "chapter07\Zero\Zero.vcxproj", "{B2F45AE7-7A83-4B17-A89A-F695E75EA73F}"
EndProject
Project("{8BC9CEB8-8B4A-11D0-8D11-00A0C91BC942}") = "ZeroTest", "chapter07\ZeroTest\ZeroTest.vcxproj", "{FD5DC0E3-54C1-48F0-AED1-95A77F2BB6A7}"
EndProject
Project("{2150E333-8FDC-42A3-9474-1A3956D46DE8}") = "Chapter08", "Chapter08", "{EE05385C-35E9-4267-852E-B10C5BB34717}"
EndProject
Project("{8BC9CEB8-8B4A-11D0-8D11-00A0C91BC942}") = "SysMon", "chapter08\SysMon\SysMon.vcxproj", "{BE81346D-BD79-4EE8-B4EA-21D32852261F}"
EndProject
Project("{8BC9CEB8-8B4A-11D0-8D11-00A0C91BC942}") = "SysMonClient", "chapter08\SysMonClient\SysMonClient.vcxproj", "{32DEFFE8-7914-4549-A341-17249480BED6}"
EndProject
Global
	GlobalSection(SolutionConfigurationPlatforms) = preSolution
		Debug|ARM = Debug|ARM
		Debug|ARM64 = Debug|ARM64
		Debug|x64 = Debug|x64
		Debug|x86 = Debug|x86
		Release|ARM = Release|ARM
		Release|ARM64 = Release|ARM64
		Release|x64 = Release|x64
		Release|x86 = Release|x86
	EndGlobalSection
	GlobalSection(ProjectConfigurationPlatforms) = postSolution
		{F8D30EB9-947A-4ECE-BC91-FFBB4B43F284}.Debug|ARM.ActiveCfg = Debug|ARM
		{F8D30EB9-947A-4ECE-BC91-FFBB4B43F284}.Debug|ARM.Build.0 = Debug|ARM
		{F8D30EB9-947A-4ECE-BC91-FFBB4B43F284}.Debug|ARM.Deploy.0 = Debug|ARM
		{F8D30EB9-947A-4ECE-BC91-FFBB4B43F284}.Debug|ARM64.ActiveCfg = Debug|ARM64
		{F8D30EB9-947A-4ECE-BC91-FFBB4B43F284}.Debug|ARM64.Build.0 = Debug|ARM64
		{F8D30EB9-947A-4ECE-BC91-FFBB4B43F284}.Debug|ARM64.Deploy.0 = Debug|ARM64
		{F8D30EB9-947A-4ECE-BC91-FFBB4B43F284}.Debug|x64.ActiveCfg = Debug|x64
		{F8D30EB9-947A-4ECE-BC91-FFBB4B43F284}.Debug|x64.Build.0 = Debug|x64
		{F8D30EB9-947A-4ECE-BC91-FFBB4B43F284}.Debug|x64.Deploy.0 = Debug|x64
		{F8D30EB9-947A-4ECE-BC91-FFBB4B43F284}.Debug|x86.ActiveCfg = Debug|Win32
		{F8D30EB9-947A-4ECE-BC91-FFBB4B43F284}.Debug|x86.Build.0 = Debug|Win32
		{F8D30EB9-947A-4ECE-BC91-FFBB4B43F284}.Debug|x86.Deploy.0 = Debug|Win32
		{F8D30EB9-947A-4ECE-BC91-FFBB4B43F284}.Release|ARM.ActiveCfg = Release|ARM
		{F8D30EB9-947A-4ECE-BC91-FFBB4B43F284}.Release|ARM.Build.0 = Release|ARM
		{F8D30EB9-947A-4ECE-BC91-FFBB4B43F284}.Release|ARM.Deploy.0 = Release|ARM
		{F8D30EB9-947A-4ECE-BC91-FFBB4B43F284}.Release|ARM64.ActiveCfg = Release|ARM64
		{F8D30EB9-947A-4ECE-BC91-FFBB4B43F284}.Release|ARM64.Build.0 = Release|ARM64
		{F8D30EB9-947A-4ECE-BC91-FFBB4B43F284}.Release|ARM64.Deploy.0 = Release|ARM64
		{F8D30EB9-947A-4ECE-BC91-FFBB4B43F284}.Release|x64.ActiveCfg = Release|x64
		{F8D30EB9-947A-4ECE-BC91-FFBB4B43F284}.Release|x64.Build.0 = Release|x64
		{F8D30EB9-947A-4ECE-BC91-FFBB4B43F284}.Release|x64.Deploy.0 = Release|x64
		{F8D30EB9-947A-4ECE-BC91-FFBB4B43F284}.Release|x86.ActiveCfg = Release|Win32
		{F8D30EB9-947A-4ECE-BC91-FFBB4B43F284}.Release|x86.Build.0 = Release|Win32
		{F8D30EB9-947A-4ECE-BC91-FFBB4B43F284}.Release|x86.Deploy.0 = Release|Win32
		{96DF1253-074B-4E47-BFBF-A7F8E68384E1}.Debug|ARM.ActiveCfg = Debug|ARM
		{96DF1253-074B-4E47-BFBF-A7F8E68384E1}.Debug|ARM.Build.0 = Debug|ARM
		{96DF1253-074B-4E47-BFBF-A7F8E68384E1}.Debug|ARM.Deploy.0 = Debug|ARM
		{96DF1253-074B-4E47-BFBF-A7F8E68384E1}.Debug|ARM64.ActiveCfg = Debug|ARM64
		{96DF1253-074B-4E47-BFBF-A7F8E68384E1}.Debug|ARM64.Build.0 = Debug|ARM64
		{96DF1253-074B-4E47-BFBF-A7F8E68384E1}.Debug|ARM64.Deploy.0 = Debug|ARM64
		{96DF1253-074B-4E47-BFBF-A7F8E68384E1}.Debug|x64.ActiveCfg = Debug|x64
		{96DF1253-074B-4E47-BFBF-A7F8E68384E1}.Debug|x64.Build.0 = Debug|x64
		{96DF1253-074B-4E47-BFBF-A7F8E68384E1}.Debug|x64.Deploy.0 = Debug|x64
		{96DF1253-074B-4E47-BFBF-A7F8E68384E1}.Debug|x86.ActiveCfg = Debug|Win32
		{96DF1253-074B-4E47-BFBF-A7F8E68384E1}.Debug|x86.Build.0 = Debug|Win32
		{96DF1253-074B-4E47-BFBF-A7F8E68384E1}.Debug|x86.Deploy.0 = Debug|Win32
		{96DF1253-074B-4E47-BFBF-A7F8E68384E1}.Release|ARM.ActiveCfg = Release|ARM
		{96DF1253-074B-4E47-BFBF-A7F8E68384E1}.Release|ARM.Build.0 = Release|ARM
		{96DF1253-074B-4E47-BFBF-A7F8E68384E1}.Release|ARM.Deploy.0 = Release|ARM
		{96DF1253-074B-4E47-BFBF-A7F8E68384E1}.Release|ARM64.ActiveCfg = Release|ARM64
		{96DF1253-074B-4E47-BFBF-A7F8E68384E1}.Release|ARM64.Build.0 = Release|ARM64
		{96DF1253-074B-4E47-BFBF-A7F8E68384E1}.Release|ARM64.Deploy.0 = Release|ARM64
		{96DF1253-074B-4E47-BFBF-A7F8E68384E1}.Release|x64.ActiveCfg = Release|x64
		{96DF1253-074B-4E47-BFBF-A7F8E68384E1}.Release|x64.Build.0 = Release|x64
		{96DF1253-074B-4E47-BFBF-A7F8E68384E1}.Release|x64.Deploy.0 = Release|x64
		{96DF1253-074B-4E47-BFBF-A7F8E68384E1}.Release|x86.ActiveCfg = Release|Win32
		{96DF1253-074B-4E47-BFBF-A7F8E68384E1}.Release|x86.Build.0 = Release|Win32
		{96DF1253-074B-4E47-BFBF-A7F8E68384E1}.Release|x86.Deploy.0 = Release|Win32
		{6A95359E-D88B-441E-AA9B-CBEFD1560638}.Debug|ARM.ActiveCfg = Debug|Win32
		{6A95359E-D88B-441E-AA9B-CBEFD1560638}.Debug|ARM64.ActiveCfg = Debug|Win32
		{6A95359E-D88B-441E-AA9B-CBEFD1560638}.Debug|x64.ActiveCfg = Debug|x64
		{6A95359E-D88B-441E-AA9B-CBEFD1560638}.Debug|x64.Build.0 = Debug|x64
		{6A95359E-D88B-441E-AA9B-CBEFD1560638}.Debug|x86.ActiveCfg = Debug|Win32
		{6A95359E-D88B-441E-AA9B-CBEFD1560638}.Debug|x86.Build.0 = Debug|Win32
		{6A95359E-D88B-441E-AA9B-CBEFD1560638}.Release|ARM.ActiveCfg = Release|Win32
		{6A95359E-D88B-441E-AA9B-CBEFD1560638}.Release|ARM64.ActiveCfg = Release|Win32
		{6A95359E-D88B-441E-AA9B-CBEFD1560638}.Release|x64.ActiveCfg = Release|x64
		{6A95359E-D88B-441E-AA9B-CBEFD1560638}.Release|x64.Build.0 = Release|x64
		{6A95359E-D88B-441E-AA9B-CBEFD1560638}.Release|x86.ActiveCfg = Release|Win32
		{6A95359E-D88B-441E-AA9B-CBEFD1560638}.Release|x86.Build.0 = Release|Win32
		{5FCA7533-3FD9-44DA-8BF5-528CAC34910F}.Debug|ARM.ActiveCfg = Debug|ARM
		{5FCA7533-3FD9-44DA-8BF5-528CAC34910F}.Debug|ARM.Build.0 = Debug|ARM
		{5FCA7533-3FD9-44DA-8BF5-528CAC34910F}.Debug|ARM.Deploy.0 = Debug|ARM
		{5FCA7533-3FD9-44DA-8BF5-528CAC34910F}.Debug|ARM64.ActiveCfg = Debug|ARM64
		{5FCA7533-3FD9-44DA-8BF5-528CAC34910F}.Debug|ARM64.Build.0 = Debug|ARM64
		{5FCA7533-3FD9-44DA-8BF5-528CAC34910F}.Debug|ARM64.Deploy.0 = Debug|ARM64
		{5FCA7533-3FD9-44DA-8BF5-528CAC34910F}.Debug|x64.ActiveCfg = Debug|x64
		{5FCA7533-3FD9-44DA-8BF5-528CAC34910F}.Debug|x64.Build.0 = Debug|x64
		{5FCA7533-3FD9-44DA-8BF5-528CAC34910F}.Debug|x64.Deploy.0 = Debug|x64
		{5FCA7533-3FD9-44DA-8BF5-528CAC34910F}.Debug|x86.ActiveCfg = Debug|Win32
		{5FCA7533-3FD9-44DA-8BF5-528CAC34910F}.Debug|x86.Build.0 = Debug|Win32
		{5FCA7533-3FD9-44DA-8BF5-528CAC34910F}.Debug|x86.Deploy.0 = Debug|Win32
		{5FCA7533-3FD9-44DA-8BF5-528CAC34910F}.Release|ARM.ActiveCfg = Release|ARM
		{5FCA7533-3FD9-44DA-8BF5-528CAC34910F}.Release|ARM.Build.0 = Release|ARM
		{5FCA7533-3FD9-44DA-8BF5-528CAC34910F}.Release|ARM.Deploy.0 = Release|ARM
		{5FCA7533-3FD9-44DA-8BF5-528CAC34910F}.Release|ARM64.ActiveCfg = Release|ARM64
		{5FCA7533-3FD9-44DA-8BF5-528CAC34910F}.Release|ARM64.Build.0 = Release|ARM64
		{5FCA7533-3FD9-44DA-8BF5-528CAC34910F}.Release|ARM64.Deploy.0 = Release|ARM64
		{5FCA7533-3FD9-44DA-8BF5-528CAC34910F}.Release|x64.ActiveCfg = Release|x64
		{5FCA7533-3FD9-44DA-8BF5-528CAC34910F}.Release|x64.Build.0 = Release|x64
		{5FCA7533-3FD9-44DA-8BF5-528CAC34910F}.Release|x64.Deploy.0 = Release|x64
		{5FCA7533-3FD9-44DA-8BF5-528CAC34910F}.Release|x86.ActiveCfg = Release|Win32
		{5FCA7533-3FD9-44DA-8BF5-528CAC34910F}.Release|x86.Build.0 = Release|Win32
		{5FCA7533-3FD9-44DA-8BF5-528CAC34910F}.Release|x86.Deploy.0 = Release|Win32
		{B2F45AE7-7A83-4B17-A89A-F695E75EA73F}.Debug|ARM.ActiveCfg = Debug|ARM
		{B2F45AE7-7A83-4B17-A89A-F695E75EA73F}.Debug|ARM.Build.0 = Debug|ARM
		{B2F45AE7-7A83-4B17-A89A-F695E75EA73F}.Debug|ARM.Deploy.0 = Debug|ARM
		{B2F45AE7-7A83-4B17-A89A-F695E75EA73F}.Debug|ARM64.ActiveCfg = Debug|ARM64
		{B2F45AE7-7A83-4B17-A89A-F695E75EA73F}.Debug|ARM64.Build.0 = Debug|ARM64
		{B2F45AE7-7A83-4B17-A89A-F695E75EA73F}.Debug|ARM64.Deploy.0 = Debug|ARM64
		{B2F45AE7-7A83-4B17-A89A-F695E75EA73F}.Debug|x64.ActiveCfg = Debug|x64
		{B2F45AE7-7A83-4B17-A89A-F695E75EA73F}.Debug|x64.Build.0 = Debug|x64
		{B2F45AE7-7A83-4B17-A89A-F695E75EA73F}.Debug|x64.Deploy.0 = Debug|x64
		{B2F45AE7-7A83-4B17-A89A-F695E75EA73F}.Debug|x86.ActiveCfg = Debug|Win32
		{B2F45AE7-7A83-4B17-A89A-F695E75EA73F}.Debug|x86.Build.0 = Debug|Win32
		{B2F45AE7-7A83-4B17-A89A-F695E75EA73F}.Debug|x86.Deploy.0 = Debug|Win32
		{B2F45AE7-7A83-4B17-A89A-F695E75EA73F}.Release|ARM.ActiveCfg = Release|ARM
		{B2F45AE7-7A83-4B17-A89A-F695E75EA73F}.Release|ARM.Build.0 = Release|ARM
		{B2F45AE7-7A83-4B17-A89A-F695E75EA73F}.Release|ARM.Deploy.0 = Release|ARM
		{B2F45AE7-7A83-4B17-A89A-F695E75EA73F}.Release|ARM64.ActiveCfg = Release|ARM64
		{B2F45AE7-7A83-4B17-A89A-F695E75EA73F}.Release|ARM64.Build.0 = Release|ARM64
		{B2F45AE7-7A83-4B17-A89A-F695E75EA73F}.Release|ARM64.Deploy.0 = Release|ARM64
		{B2F45AE7-7A83-4B17-A89A-F695E75EA73F}.Release|x64.ActiveCfg = Release|x64
		{B2F45AE7-7A83-4B17-A89A-F695E75EA73F}.Release|x64.Build.0 = Release|x64
		{B2F45AE7-7A83-4B17-A89A-F695E75EA73F}.Release|x64.Deploy.0 = Release|x64
		{B2F45AE7-7A83-4B17-A89A-F695E75EA73F}.Release|x86.ActiveCfg = Release|Win32
		{B2F45AE7-7A83-4B17-A89A-F695E75EA73F}.Release|x86.Build.0 = Release|Win32
		{B2F45AE7-7A83-4B17-A89A-F695E75EA73F}.Release|x86.Deploy.0 = Release|Win32
		{FD5DC0E3-54C1-48F0-AED1-95A77F2BB6A7}.Debug|ARM.ActiveCfg = Debug|Win32
		{FD5DC0E3-54C1-48F0-AED1-95A77F2BB6A7}.Debug|ARM64.ActiveCfg = Debug|Win32
		{FD5DC0E3-54C1-48F0-AED1-95A77F2BB6A7}.Debug|x64.ActiveCfg = Debug|x64
		{FD5DC0E3-54C1-48F0-AED1-95A77F2BB6A7}.Debug|x64.Build.0 = Debug|x64
		{FD5DC0E3-54C1-48F0-AED1-95A77F2BB6A7}.Debug|x86.ActiveCfg = Debug|Win32
		{FD5DC0E3-54C1-48F0-AED1-95A77F2BB6A7}.Debug|x86.Build.0 = Debug|Win32
		{FD5DC0E3-54C1-48F0-AED1-95A77F2BB6A7}.Release|ARM.ActiveCfg = Release|Win32
		{FD5DC0E3-54C1-48F0-AED1-95A77F2BB6A7}.Release|ARM64.ActiveCfg = Release|Win32
		{FD5DC0E3-54C1-48F0-AED1-95A77F2BB6A7}.Release|x64.ActiveCfg = Release|x64
		{FD5DC0E3-54C1-48F0-AED1-95A77F2BB6A7}.Release|x64.Build.0 = Release|x64
		{FD5DC0E3-54C1-48F0-AED1-95A77F2BB6A7}.Release|x86.ActiveCfg = Release|Win32
		{FD5DC0E3-54C1-48F0-AED1-95A77F2BB6A7}.Release|x86.Build.0 = Release|Win32
		{BE81346D-BD79-4EE8-B4EA-21D32852261F}.Debug|ARM.ActiveCfg = Debug|ARM
		{BE81346D-BD79-4EE8-B4EA-21D32852261F}.Debug|ARM.Build.0 = Debug|ARM
		{BE81346D-BD79-4EE8-B4EA-21D32852261F}.Debug|ARM.Deploy.0 = Debug|ARM
		{BE81346D-BD79-4EE8-B4EA-21D32852261F}.Debug|ARM64.ActiveCfg = Debug|ARM64
		{BE81346D-BD79-4EE8-B4EA-21D32852261F}.Debug|ARM64.Build.0 = Debug|ARM64
		{BE81346D-BD79-4EE8-B4EA-21D32852261F}.Debug|ARM64.Deploy.0 = Debug|ARM64
		{BE81346D-BD79-4EE8-B4EA-21D32852261F}.Debug|x64.ActiveCfg = Debug|x64
		{BE81346D-BD79-4EE8-B4EA-21D32852261F}.Debug|x64.Build.0 = Debug|x64
		{BE81346D-BD79-4EE8-B4EA-21D32852261F}.Debug|x64.Deploy.0 = Debug|x64
		{BE81346D-BD79-4EE8-B4EA-21D32852261F}.Debug|x86.ActiveCfg = Debug|Win32
		{BE81346D-BD79-4EE8-B4EA-21D32852261F}.Debug|x86.Build.0 = Debug|Win32
		{BE81346D-BD79-4EE8-B4EA-21D32852261F}.Debug|x86.Deploy.0 = Debug|Win32
		{BE81346D-BD79-4EE8-B4EA-21D32852261F}.Release|ARM.ActiveCfg = Release|ARM
		{BE81346D-BD79-4EE8-B4EA-21D32852261F}.Release|ARM.Build.0 = Release|ARM
		{BE81346D-BD79-4EE8-B4EA-21D32852261F}.Release|ARM.Deploy.0 = Release|ARM
		{BE81346D-BD79-4EE8-B4EA-21D32852261F}.Release|ARM64.ActiveCfg = Release|ARM64
		{BE81346D-BD79-4EE8-B4EA-21D32852261F}.Release|ARM64.Build.0 = Release|ARM64
		{BE81346D-BD79-4EE8-B4EA-21D32852261F}.Release|ARM64.Deploy.0 = Release|ARM64
		{BE81346D-BD79-4EE8-B4EA-21D32852261F}.Release|x64.ActiveCfg = Release|x64
		{BE81346D-BD79-4EE8-B4EA-21D32852261F}.Release|x64.Build.0 = Release|x64
		{BE81346D-BD79-4EE8-B4EA-21D32852261F}.Release|x64.Deploy.0 = Release|x64
		{BE81346D-BD79-4EE8-B4EA-21D32852261F}.Release|x86.ActiveCfg = Release|Win32
		{BE81346D-BD79-4EE8-B4EA-21D32852261F}.Release|x86.Build.0 = Release|Win32
		{BE81346D-BD79-4EE8-B4EA-21D32852261F}.Release|x86.Deploy.0 = Release|Win32
		{32DEFFE8-7914-4549-A341-17249480BED6}.Debug|ARM.ActiveCfg = Debug|Win32
		{32DEFFE8-7914-4549-A341-17249480BED6}.Debug|ARM64.ActiveCfg = Debug|Win32
		{32DEFFE8-7914-4549-A341-17249480BED6}.Debug|x64.ActiveCfg = Debug|x64
		{32DEFFE8-7914-4549-A341-17249480BED6}.Debug|x64.Build.0 = Debug|x64
		{32DEFFE8-7914-4549-A341-17249480BED6}.Debug|x86.ActiveCfg = Debug|Win32
		{32DEFFE8-7914-4549-A341-17249480BED6}.Debug|x86.Build.0 = Debug|Win32
		{32DEFFE8-7914-4549-A341-17249480BED6}.Release|ARM.ActiveCfg = Release|Win32
		{32DEFFE8-7914-4549-A341-17249480BED6}.Release|ARM64.ActiveCfg = Release|Win32
		{32DEFFE8-7914-4549-A341-17249480BED6}.Release|x64.ActiveCfg = Release|x64
		{32DEFFE8-7914-4549-A341-17249480BED6}.Release|x64.Build.0 = Release|x64
		{32DEFFE8-7914-4549-A341-17249480BED6}.Release|x86.ActiveCfg = Release|Win32
		{32DEFFE8-7914-4549-A341-17249480BED6}.Release|x86.Build.0 = Release|Win32
	EndGlobalSection
	GlobalSection(SolutionProperties) = preSolution
		HideSolutionNode = FALSE
	EndGlobalSection
	GlobalSection(NestedProjects) = preSolution
		{F8D30EB9-947A-4ECE-BC91-FFBB4B43F284} = {2BB9269A-E9CB-4060-925F-0BCDB4DCB9A8}
		{96DF1253-074B-4E47-BFBF-A7F8E68384E1} = {9C3E3349-1D06-4BB1-9A55-91E69713B808}
		{6A95359E-D88B-441E-AA9B-CBEFD1560638} = {9C3E3349-1D06-4BB1-9A55-91E69713B808}
		{5FCA7533-3FD9-44DA-8BF5-528CAC34910F} = {FA15259D-CF0C-4133-BD64-5898BD2F902A}
		{B2F45AE7-7A83-4B17-A89A-F695E75EA73F} = {2557538F-3A57-454B-8CC6-18B22187C525}
		{FD5DC0E3-54C1-48F0-AED1-95A77F2BB6A7} = {2557538F-3A57-454B-8CC6-18B22187C525}
		{BE81346D-BD79-4EE8-B4EA-21D32852261F} = {EE05385C-35E9-4267-852E-B10C5BB34717}
		{32DEFFE8-7914-4549-A341-17249480BED6} = {EE05385C-35E9-4267-852E-B10C5BB34717}
	EndGlobalSection
	GlobalSection(ExtensibilityGlobals) = postSolution
		SolutionGuid = {12DD9937-23CA-45EE-A7FD-87BF0FA9B308}
	EndGlobalSection
EndGlobal
